
Microsoft Visual Studio Solution File, Format Version 12.00
# Visual Studio 15
Project("{FAE04EC0-301F-11D3-BF4B-00C04F79EFBC}") = "Assembly-CSharp", "Assembly-CSharp.csproj", "{D729FC47-F994-5EFA-58B0-4BA34C6C73D3}"
EndProject
Project("{FAE04EC0-301F-11D3-BF4B-00C04F79EFBC}") = "Assembly-CSharp-firstpass", "Assembly-CSharp-firstpass.csproj", "{D51E95A4-A9F5-D152-C20D-28B0EC263407}"
EndProject
Project("{FAE04EC0-301F-11D3-BF4B-00C04F79EFBC}") = "Assembly-CSharp-Editor-firstpass", "Assembly-CSharp-Editor-firstpass.csproj", "{30D25148-2C4F-006E-00E6-B8FE68359E99}"
EndProject
Global
	GlobalSection(SolutionConfigurationPlatforms) = preSolution
		Debug|Any CPU = Debug|Any CPU
		Release|Any CPU = Release|Any CPU
	EndGlobalSection
	GlobalSection(ProjectConfigurationPlatforms) = postSolution
		{D729FC47-F994-5EFA-58B0-4BA34C6C73D3}.Debug|Any CPU.ActiveCfg = Debug|Any CPU
		{D729FC47-F994-5EFA-58B0-4BA34C6C73D3}.Debug|Any CPU.Build.0 = Debug|Any CPU
		{D729FC47-F994-5EFA-58B0-4BA34C6C73D3}.Release|Any CPU.ActiveCfg = Release|Any CPU
		{D729FC47-F994-5EFA-58B0-4BA34C6C73D3}.Release|Any CPU.Build.0 = Release|Any CPU
		{D51E95A4-A9F5-D152-C20D-28B0EC263407}.Debug|Any CPU.ActiveCfg = Debug|Any CPU
		{D51E95A4-A9F5-D152-C20D-28B0EC263407}.Debug|Any CPU.Build.0 = Debug|Any CPU
		{D51E95A4-A9F5-D152-C20D-28B0EC263407}.Release|Any CPU.ActiveCfg = Release|Any CPU
		{D51E95A4-A9F5-D152-C20D-28B0EC263407}.Release|Any CPU.Build.0 = Release|Any CPU
		{30D25148-2C4F-006E-00E6-B8FE68359E99}.Debug|Any CPU.ActiveCfg = Debug|Any CPU
		{30D25148-2C4F-006E-00E6-B8FE68359E99}.Debug|Any CPU.Build.0 = Debug|Any CPU
		{30D25148-2C4F-006E-00E6-B8FE68359E99}.Release|Any CPU.ActiveCfg = Release|Any CPU
		{30D25148-2C4F-006E-00E6-B8FE68359E99}.Release|Any CPU.Build.0 = Release|Any CPU
	EndGlobalSection
	GlobalSection(SolutionProperties) = preSolution
		HideSolutionNode = FALSE
	EndGlobalSection
EndGlobal
